
Microsoft Visual Studio Solution File, Format Version 12.00
# Visual Studio Version 16
VisualStudioVersion = 16.0.30503.244
MinimumVisualStudioVersion = 10.0.40219.1
Project("{FAE04EC0-301F-11D3-BF4B-00C04F79EFBC}") = "ItsUmbria2020.Game", "ItsUmbria2020.Game\ItsUmbria2020.Game.csproj", "{BA15531A-B194-4D68-8C3E-339CA769F03F}"
EndProject
Project("{FAE04EC0-301F-11D3-BF4B-00C04F79EFBC}") = "ItsUmbria2020.OnlineGame.Library.Models", "ItsUmbria2020.OnlineGame.Library.Models\ItsUmbria2020.OnlineGame.Library.Models.csproj", "{BE49DC58-6E46-4D7E-92E2-5D852060EAF8}"
EndProject
Global
	GlobalSection(SolutionConfigurationPlatforms) = preSolution
		Debug|Any CPU = Debug|Any CPU
		Release|Any CPU = Release|Any CPU
	EndGlobalSection
	GlobalSection(ProjectConfigurationPlatforms) = postSolution
		{BA15531A-B194-4D68-8C3E-339CA769F03F}.Debug|Any CPU.ActiveCfg = Debug|Any CPU
		{BA15531A-B194-4D68-8C3E-339CA769F03F}.Debug|Any CPU.Build.0 = Debug|Any CPU
		{BA15531A-B194-4D68-8C3E-339CA769F03F}.Release|Any CPU.ActiveCfg = Release|Any CPU
		{BA15531A-B194-4D68-8C3E-339CA769F03F}.Release|Any CPU.Build.0 = Release|Any CPU
		{BE49DC58-6E46-4D7E-92E2-5D852060EAF8}.Debug|Any CPU.ActiveCfg = Debug|Any CPU
		{BE49DC58-6E46-4D7E-92E2-5D852060EAF8}.Debug|Any CPU.Build.0 = Debug|Any CPU
		{BE49DC58-6E46-4D7E-92E2-5D852060EAF8}.Release|Any CPU.ActiveCfg = Release|Any CPU
		{BE49DC58-6E46-4D7E-92E2-5D852060EAF8}.Release|Any CPU.Build.0 = Release|Any CPU
	EndGlobalSection
	GlobalSection(SolutionProperties) = preSolution
		HideSolutionNode = FALSE
	EndGlobalSection
	GlobalSection(ExtensibilityGlobals) = postSolution
		SolutionGuid = {203A0057-9096-4D9A-80EF-8683E4CDD1D9}
	EndGlobalSection
EndGlobal
